
Microsoft Visual Studio Solution File, Format Version 12.00
# Visual Studio Version 16
VisualStudioVersion = 16.0.30804.86
MinimumVisualStudioVersion = 10.0.40219.1
Project("{FAE04EC0-301F-11D3-BF4B-00C04F79EFBC}") = "通讯", "通讯\通讯.csproj", "{11C45E3E-7E30-4A48-8E33-A8F535631794}"
EndProject
Global
	GlobalSection(SolutionConfigurationPlatforms) = preSolution
		Debug|Any CPU = Debug|Any CPU
		Release|Any CPU = Release|Any CPU
	EndGlobalSection
	GlobalSection(ProjectConfigurationPlatforms) = postSolution
		{11C45E3E-7E30-4A48-8E33-A8F535631794}.Debug|Any CPU.ActiveCfg = Debug|Any CPU
		{11C45E3E-7E30-4A48-8E33-A8F535631794}.Debug|Any CPU.Build.0 = Debug|Any CPU
		{11C45E3E-7E30-4A48-8E33-A8F535631794}.Release|Any CPU.ActiveCfg = Release|Any CPU
		{11C45E3E-7E30-4A48-8E33-A8F535631794}.Release|Any CPU.Build.0 = Release|Any CPU
	EndGlobalSection
	GlobalSection(SolutionProperties) = preSolution
		HideSolutionNode = FALSE
	EndGlobalSection
	GlobalSection(ExtensibilityGlobals) = postSolution
		SolutionGuid = {B6F59D9A-8372-4DC2-8B3D-6A325E38A87B}
	EndGlobalSection
EndGlobal
